
Microsoft Visual Studio Solution File, Format Version 12.00
# Visual Studio 15
VisualStudioVersion = 15.0.28307.329
MinimumVisualStudioVersion = 10.0.40219.1
Project("{FAE04EC0-301F-11D3-BF4B-00C04F79EFBC}") = "NeroLine", "NeroLine\NeroLine.csproj", "{EA2A66A5-123B-4F5A-B000-BEE503E83C47}"
EndProject
Project("{FAE04EC0-301F-11D3-BF4B-00C04F79EFBC}") = "Nero_BL", "Nero_BL\Nero_BL.csproj", "{BC054221-CFA6-4381-BA3F-9AA90E0E1477}"
EndProject
Global
	GlobalSection(SolutionConfigurationPlatforms) = preSolution
		Debug|Any CPU = Debug|Any CPU
		Release|Any CPU = Release|Any CPU
	EndGlobalSection
	GlobalSection(ProjectConfigurationPlatforms) = postSolution
		{EA2A66A5-123B-4F5A-B000-BEE503E83C47}.Debug|Any CPU.ActiveCfg = Debug|Any CPU
		{EA2A66A5-123B-4F5A-B000-BEE503E83C47}.Debug|Any CPU.Build.0 = Debug|Any CPU
		{EA2A66A5-123B-4F5A-B000-BEE503E83C47}.Release|Any CPU.ActiveCfg = Release|Any CPU
		{EA2A66A5-123B-4F5A-B000-BEE503E83C47}.Release|Any CPU.Build.0 = Release|Any CPU
		{BC054221-CFA6-4381-BA3F-9AA90E0E1477}.Debug|Any CPU.ActiveCfg = Debug|Any CPU
		{BC054221-CFA6-4381-BA3F-9AA90E0E1477}.Debug|Any CPU.Build.0 = Debug|Any CPU
		{BC054221-CFA6-4381-BA3F-9AA90E0E1477}.Release|Any CPU.ActiveCfg = Release|Any CPU
		{BC054221-CFA6-4381-BA3F-9AA90E0E1477}.Release|Any CPU.Build.0 = Release|Any CPU
	EndGlobalSection
	GlobalSection(SolutionProperties) = preSolution
		HideSolutionNode = FALSE
	EndGlobalSection
	GlobalSection(ExtensibilityGlobals) = postSolution
		SolutionGuid = {1D629BB1-21F3-4C0C-AB40-D9323E1EB938}
	EndGlobalSection
EndGlobal
